
Microsoft Visual Studio Solution File, Format Version 12.00
# Visual Studio Version 16
VisualStudioVersion = 16.0.30717.126
MinimumVisualStudioVersion = 10.0.40219.1
Project("{FAE04EC0-301F-11D3-BF4B-00C04F79EFBC}") = "SunBurstDefanged", "SunBurstDefanged.csproj", "{8C9AAB40-4F54-4BEF-BE55-1E50F1C41304}"
EndProject
Global
	GlobalSection(SolutionConfigurationPlatforms) = preSolution
		Debug|Any CPU = Debug|Any CPU
		Release|Any CPU = Release|Any CPU
	EndGlobalSection
	GlobalSection(ProjectConfigurationPlatforms) = postSolution
		{8C9AAB40-4F54-4BEF-BE55-1E50F1C41304}.Debug|Any CPU.ActiveCfg = Debug|Any CPU
		{8C9AAB40-4F54-4BEF-BE55-1E50F1C41304}.Debug|Any CPU.Build.0 = Debug|Any CPU
		{8C9AAB40-4F54-4BEF-BE55-1E50F1C41304}.Release|Any CPU.ActiveCfg = Release|Any CPU
		{8C9AAB40-4F54-4BEF-BE55-1E50F1C41304}.Release|Any CPU.Build.0 = Release|Any CPU
	EndGlobalSection
	GlobalSection(SolutionProperties) = preSolution
		HideSolutionNode = FALSE
	EndGlobalSection
	GlobalSection(ExtensibilityGlobals) = postSolution
		SolutionGuid = {81A0B48B-AA21-4CE7-AD6E-4BFFABC2466A}
	EndGlobalSection
EndGlobal
